
Microsoft Visual Studio Solution File, Format Version 12.00
# Visual Studio Version 17
VisualStudioVersion = 17.0.31903.59
MinimumVisualStudioVersion = 10.0.40219.1
Project("{2150E333-8FDC-42A3-9474-1A3956D46DE8}") = "src", "src", "{827E0CD3-B72D-47B6-A68D-7590B98EB39B}"
EndProject
Project("{2150E333-8FDC-42A3-9474-1A3956D46DE8}") = "Modules", "Modules", "{EC447DCF-ABFA-6E24-52A5-D7FD48A5C558}"
EndProject
Project("{2150E333-8FDC-42A3-9474-1A3956D46DE8}") = "Notifications", "Notifications", "{DE9DAF8A-E684-0FD3-FFDC-40D3E3158533}"
EndProject
Project("{FAE04EC0-301F-11D3-BF4B-00C04F79EFBC}") = "TaskFlow.Modules.Notifications.Application", "src\Modules\Notifications\TaskFlow.Modules.Notifications.Application\TaskFlow.Modules.Notifications.Application.csproj", "{6F7AA151-B9AC-4C5A-A589-334489B4D138}"
EndProject
Project("{FAE04EC0-301F-11D3-BF4B-00C04F79EFBC}") = "TaskFlow.Modules.Notifications.Domain", "src\Modules\Notifications\TaskFlow.Modules.Notifications.Domain\TaskFlow.Modules.Notifications.Domain.csproj", "{887BD253-ECAB-4532-9A07-185C25CD34AD}"
EndProject
Project("{FAE04EC0-301F-11D3-BF4B-00C04F79EFBC}") = "TaskFlow.Modules.Notifications.Infrastructure", "src\Modules\Notifications\TaskFlow.Modules.Notifications.Infrastructure\TaskFlow.Modules.Notifications.Infrastructure.csproj", "{E2C4DE11-494F-43CE-8061-C6142C64CA9B}"
EndProject
Project("{2150E333-8FDC-42A3-9474-1A3956D46DE8}") = "Projects", "Projects", "{DEF05D85-86F1-393F-22F4-9251153583D2}"
EndProject
Project("{FAE04EC0-301F-11D3-BF4B-00C04F79EFBC}") = "TaskFlow.Modules.Projects.Application", "src\Modules\Projects\TaskFlow.Modules.Projects.Application\TaskFlow.Modules.Projects.Application.csproj", "{076273EB-D66A-47BA-9EFF-B2D26F0FB9A9}"
EndProject
Project("{FAE04EC0-301F-11D3-BF4B-00C04F79EFBC}") = "TaskFlow.Modules.Projects.Domain", "src\Modules\Projects\TaskFlow.Modules.Projects.Domain\TaskFlow.Modules.Projects.Domain.csproj", "{5B319443-4E14-4C98-83EB-210096C5C64D}"
EndProject
Project("{FAE04EC0-301F-11D3-BF4B-00C04F79EFBC}") = "TaskFlow.Modules.Projects.Infrastructure", "src\Modules\Projects\TaskFlow.Modules.Projects.Infrastructure\TaskFlow.Modules.Projects.Infrastructure.csproj", "{D0AD23BD-F86B-4E43-9877-329AEF5D49B4}"
EndProject
Project("{2150E333-8FDC-42A3-9474-1A3956D46DE8}") = "Reports", "Reports", "{3DF52DA8-B83D-8D2B-4D21-700587FC75DB}"
EndProject
Project("{FAE04EC0-301F-11D3-BF4B-00C04F79EFBC}") = "TaskFlow.Modules.Reports.Application", "src\Modules\Reports\TaskFlow.Modules.Reports.Application\TaskFlow.Modules.Reports.Application.csproj", "{6605753C-DDF3-49C6-99DC-56EE5D61E1C0}"
EndProject
Project("{FAE04EC0-301F-11D3-BF4B-00C04F79EFBC}") = "TaskFlow.Modules.Reports.Domain", "src\Modules\Reports\TaskFlow.Modules.Reports.Domain\TaskFlow.Modules.Reports.Domain.csproj", "{34813C6E-990D-495F-84C1-58966C179FA2}"
EndProject
Project("{FAE04EC0-301F-11D3-BF4B-00C04F79EFBC}") = "TaskFlow.Modules.Reports.Infrastructure", "src\Modules\Reports\TaskFlow.Modules.Reports.Infrastructure\TaskFlow.Modules.Reports.Infrastructure.csproj", "{273A4355-4794-4A29-9C77-1115A24C2590}"
EndProject
Project("{2150E333-8FDC-42A3-9474-1A3956D46DE8}") = "Tasks", "Tasks", "{4C6BDAE4-8D09-3162-71E4-914813D2EA71}"
EndProject
Project("{FAE04EC0-301F-11D3-BF4B-00C04F79EFBC}") = "TaskFlow.Modules.Tasks.Application", "src\Modules\Tasks\TaskFlow.Modules.Tasks.Application\TaskFlow.Modules.Tasks.Application.csproj", "{3ED217A7-0E88-4F27-B3C6-0674B18BF082}"
EndProject
Project("{FAE04EC0-301F-11D3-BF4B-00C04F79EFBC}") = "TaskFlow.Modules.Tasks.Domain", "src\Modules\Tasks\TaskFlow.Modules.Tasks.Domain\TaskFlow.Modules.Tasks.Domain.csproj", "{B707B805-3B04-4BFC-8E69-FC51731099BA}"
EndProject
Project("{FAE04EC0-301F-11D3-BF4B-00C04F79EFBC}") = "TaskFlow.Modules.Tasks.Infrastructure", "src\Modules\Tasks\TaskFlow.Modules.Tasks.Infrastructure\TaskFlow.Modules.Tasks.Infrastructure.csproj", "{4FD92355-434D-4212-A697-D312D0D178A7}"
EndProject
Project("{2150E333-8FDC-42A3-9474-1A3956D46DE8}") = "Users", "Users", "{A26F344D-182E-CE53-AD51-2154946AC6F3}"
EndProject
Project("{FAE04EC0-301F-11D3-BF4B-00C04F79EFBC}") = "TaskFlow.Modules.Users.Application", "src\Modules\Users\TaskFlow.Modules.Users.Application\TaskFlow.Modules.Users.Application.csproj", "{2430DF1B-1894-47E8-98FE-2F9D3D84CC15}"
EndProject
Project("{FAE04EC0-301F-11D3-BF4B-00C04F79EFBC}") = "TaskFlow.Modules.Users.Domain", "src\Modules\Users\TaskFlow.Modules.Users.Domain\TaskFlow.Modules.Users.Domain.csproj", "{2E15A91C-BEA7-4664-B482-3D4EAB9B03E2}"
EndProject
Project("{FAE04EC0-301F-11D3-BF4B-00C04F79EFBC}") = "TaskFlow.Modules.Users.Infrastructure", "src\Modules\Users\TaskFlow.Modules.Users.Infrastructure\TaskFlow.Modules.Users.Infrastructure.csproj", "{C9D7CFC5-CA0B-46AC-9991-DE6E5AB35210}"
EndProject
Project("{FAE04EC0-301F-11D3-BF4B-00C04F79EFBC}") = "TaskFlow.Desktop", "src\TaskFlow.Desktop\TaskFlow.Desktop.csproj", "{61C85B8D-8AE8-486F-A473-5FDDE646C495}"
EndProject
Project("{FAE04EC0-301F-11D3-BF4B-00C04F79EFBC}") = "TaskFlow.Infrastructure", "src\TaskFlow.Infrastructure\TaskFlow.Infrastructure.csproj", "{0F16FACF-9413-4575-B4D3-EE2869919947}"
EndProject
Project("{FAE04EC0-301F-11D3-BF4B-00C04F79EFBC}") = "TaskFlow.SharedKernel", "src\TaskFlow.SharedKernel\TaskFlow.SharedKernel.csproj", "{4A2CA95C-65B8-4245-AF65-CD057764E3EA}"
EndProject
Project("{2150E333-8FDC-42A3-9474-1A3956D46DE8}") = "tests", "tests", "{0AB3BF05-4346-4AA6-1389-037BE0695223}"
EndProject
Project("{FAE04EC0-301F-11D3-BF4B-00C04F79EFBC}") = "TaskFlow.Tests", "tests\TaskFlow.Tests\TaskFlow.Tests.csproj", "{FC56560A-0E6B-4E21-B53A-46F7563B1479}"
EndProject
Global
	GlobalSection(SolutionConfigurationPlatforms) = preSolution
		Debug|Any CPU = Debug|Any CPU
		Debug|x64 = Debug|x64
		Debug|x86 = Debug|x86
		Release|Any CPU = Release|Any CPU
		Release|x64 = Release|x64
		Release|x86 = Release|x86
	EndGlobalSection
	GlobalSection(ProjectConfigurationPlatforms) = postSolution
		{6F7AA151-B9AC-4C5A-A589-334489B4D138}.Debug|Any CPU.ActiveCfg = Debug|Any CPU
		{6F7AA151-B9AC-4C5A-A589-334489B4D138}.Debug|Any CPU.Build.0 = Debug|Any CPU
		{6F7AA151-B9AC-4C5A-A589-334489B4D138}.Debug|x64.ActiveCfg = Debug|Any CPU
		{6F7AA151-B9AC-4C5A-A589-334489B4D138}.Debug|x64.Build.0 = Debug|Any CPU
		{6F7AA151-B9AC-4C5A-A589-334489B4D138}.Debug|x86.ActiveCfg = Debug|Any CPU
		{6F7AA151-B9AC-4C5A-A589-334489B4D138}.Debug|x86.Build.0 = Debug|Any CPU
		{6F7AA151-B9AC-4C5A-A589-334489B4D138}.Release|Any CPU.ActiveCfg = Release|Any CPU
		{6F7AA151-B9AC-4C5A-A589-334489B4D138}.Release|Any CPU.Build.0 = Release|Any CPU
		{6F7AA151-B9AC-4C5A-A589-334489B4D138}.Release|x64.ActiveCfg = Release|Any CPU
		{6F7AA151-B9AC-4C5A-A589-334489B4D138}.Release|x64.Build.0 = Release|Any CPU
		{6F7AA151-B9AC-4C5A-A589-334489B4D138}.Release|x86.ActiveCfg = Release|Any CPU
		{6F7AA151-B9AC-4C5A-A589-334489B4D138}.Release|x86.Build.0 = Release|Any CPU
		{887BD253-ECAB-4532-9A07-185C25CD34AD}.Debug|Any CPU.ActiveCfg = Debug|Any CPU
		{887BD253-ECAB-4532-9A07-185C25CD34AD}.Debug|Any CPU.Build.0 = Debug|Any CPU
		{887BD253-ECAB-4532-9A07-185C25CD34AD}.Debug|x64.ActiveCfg = Debug|Any CPU
		{887BD253-ECAB-4532-9A07-185C25CD34AD}.Debug|x64.Build.0 = Debug|Any CPU
		{887BD253-ECAB-4532-9A07-185C25CD34AD}.Debug|x86.ActiveCfg = Debug|Any CPU
		{887BD253-ECAB-4532-9A07-185C25CD34AD}.Debug|x86.Build.0 = Debug|Any CPU
		{887BD253-ECAB-4532-9A07-185C25CD34AD}.Release|Any CPU.ActiveCfg = Release|Any CPU
		{887BD253-ECAB-4532-9A07-185C25CD34AD}.Release|Any CPU.Build.0 = Release|Any CPU
		{887BD253-ECAB-4532-9A07-185C25CD34AD}.Release|x64.ActiveCfg = Release|Any CPU
		{887BD253-ECAB-4532-9A07-185C25CD34AD}.Release|x64.Build.0 = Release|Any CPU
		{887BD253-ECAB-4532-9A07-185C25CD34AD}.Release|x86.ActiveCfg = Release|Any CPU
		{887BD253-ECAB-4532-9A07-185C25CD34AD}.Release|x86.Build.0 = Release|Any CPU
		{E2C4DE11-494F-43CE-8061-C6142C64CA9B}.Debug|Any CPU.ActiveCfg = Debug|Any CPU
		{E2C4DE11-494F-43CE-8061-C6142C64CA9B}.Debug|Any CPU.Build.0 = Debug|Any CPU
		{E2C4DE11-494F-43CE-8061-C6142C64CA9B}.Debug|x64.ActiveCfg = Debug|Any CPU
		{E2C4DE11-494F-43CE-8061-C6142C64CA9B}.Debug|x64.Build.0 = Debug|Any CPU
		{E2C4DE11-494F-43CE-8061-C6142C64CA9B}.Debug|x86.ActiveCfg = Debug|Any CPU
		{E2C4DE11-494F-43CE-8061-C6142C64CA9B}.Debug|x86.Build.0 = Debug|Any CPU
		{E2C4DE11-494F-43CE-8061-C6142C64CA9B}.Release|Any CPU.ActiveCfg = Release|Any CPU
		{E2C4DE11-494F-43CE-8061-C6142C64CA9B}.Release|Any CPU.Build.0 = Release|Any CPU
		{E2C4DE11-494F-43CE-8061-C6142C64CA9B}.Release|x64.ActiveCfg = Release|Any CPU
		{E2C4DE11-494F-43CE-8061-C6142C64CA9B}.Release|x64.Build.0 = Release|Any CPU
		{E2C4DE11-494F-43CE-8061-C6142C64CA9B}.Release|x86.ActiveCfg = Release|Any CPU
		{E2C4DE11-494F-43CE-8061-C6142C64CA9B}.Release|x86.Build.0 = Release|Any CPU
		{076273EB-D66A-47BA-9EFF-B2D26F0FB9A9}.Debug|Any CPU.ActiveCfg = Debug|Any CPU
		{076273EB-D66A-47BA-9EFF-B2D26F0FB9A9}.Debug|Any CPU.Build.0 = Debug|Any CPU
		{076273EB-D66A-47BA-9EFF-B2D26F0FB9A9}.Debug|x64.ActiveCfg = Debug|Any CPU
		{076273EB-D66A-47BA-9EFF-B2D26F0FB9A9}.Debug|x64.Build.0 = Debug|Any CPU
		{076273EB-D66A-47BA-9EFF-B2D26F0FB9A9}.Debug|x86.ActiveCfg = Debug|Any CPU
		{076273EB-D66A-47BA-9EFF-B2D26F0FB9A9}.Debug|x86.Build.0 = Debug|Any CPU
		{076273EB-D66A-47BA-9EFF-B2D26F0FB9A9}.Release|Any CPU.ActiveCfg = Release|Any CPU
		{076273EB-D66A-47BA-9EFF-B2D26F0FB9A9}.Release|Any CPU.Build.0 = Release|Any CPU
		{076273EB-D66A-47BA-9EFF-B2D26F0FB9A9}.Release|x64.ActiveCfg = Release|Any CPU
		{076273EB-D66A-47BA-9EFF-B2D26F0FB9A9}.Release|x64.Build.0 = Release|Any CPU
		{076273EB-D66A-47BA-9EFF-B2D26F0FB9A9}.Release|x86.ActiveCfg = Release|Any CPU
		{076273EB-D66A-47BA-9EFF-B2D26F0FB9A9}.Release|x86.Build.0 = Release|Any CPU
		{5B319443-4E14-4C98-83EB-210096C5C64D}.Debug|Any CPU.ActiveCfg = Debug|Any CPU
		{5B319443-4E14-4C98-83EB-210096C5C64D}.Debug|Any CPU.Build.0 = Debug|Any CPU
		{5B319443-4E14-4C98-83EB-210096C5C64D}.Debug|x64.ActiveCfg = Debug|Any CPU
		{5B319443-4E14-4C98-83EB-210096C5C64D}.Debug|x64.Build.0 = Debug|Any CPU
		{5B319443-4E14-4C98-83EB-210096C5C64D}.Debug|x86.ActiveCfg = Debug|Any CPU
		{5B319443-4E14-4C98-83EB-210096C5C64D}.Debug|x86.Build.0 = Debug|Any CPU
		{5B319443-4E14-4C98-83EB-210096C5C64D}.Release|Any CPU.ActiveCfg = Release|Any CPU
		{5B319443-4E14-4C98-83EB-210096C5C64D}.Release|Any CPU.Build.0 = Release|Any CPU
		{5B319443-4E14-4C98-83EB-210096C5C64D}.Release|x64.ActiveCfg = Release|Any CPU
		{5B319443-4E14-4C98-83EB-210096C5C64D}.Release|x64.Build.0 = Release|Any CPU
		{5B319443-4E14-4C98-83EB-210096C5C64D}.Release|x86.ActiveCfg = Release|Any CPU
		{5B319443-4E14-4C98-83EB-210096C5C64D}.Release|x86.Build.0 = Release|Any CPU
		{D0AD23BD-F86B-4E43-9877-329AEF5D49B4}.Debug|Any CPU.ActiveCfg = Debug|Any CPU
		{D0AD23BD-F86B-4E43-9877-329AEF5D49B4}.Debug|Any CPU.Build.0 = Debug|Any CPU
		{D0AD23BD-F86B-4E43-9877-329AEF5D49B4}.Debug|x64.ActiveCfg = Debug|Any CPU
		{D0AD23BD-F86B-4E43-9877-329AEF5D49B4}.Debug|x64.Build.0 = Debug|Any CPU
		{D0AD23BD-F86B-4E43-9877-329AEF5D49B4}.Debug|x86.ActiveCfg = Debug|Any CPU
		{D0AD23BD-F86B-4E43-9877-329AEF5D49B4}.Debug|x86.Build.0 = Debug|Any CPU
		{D0AD23BD-F86B-4E43-9877-329AEF5D49B4}.Release|Any CPU.ActiveCfg = Release|Any CPU
		{D0AD23BD-F86B-4E43-9877-329AEF5D49B4}.Release|Any CPU.Build.0 = Release|Any CPU
		{D0AD23BD-F86B-4E43-9877-329AEF5D49B4}.Release|x64.ActiveCfg = Release|Any CPU
		{D0AD23BD-F86B-4E43-9877-329AEF5D49B4}.Release|x64.Build.0 = Release|Any CPU
		{D0AD23BD-F86B-4E43-9877-329AEF5D49B4}.Release|x86.ActiveCfg = Release|Any CPU
		{D0AD23BD-F86B-4E43-9877-329AEF5D49B4}.Release|x86.Build.0 = Release|Any CPU
		{6605753C-DDF3-49C6-99DC-56EE5D61E1C0}.Debug|Any CPU.ActiveCfg = Debug|Any CPU
		{6605753C-DDF3-49C6-99DC-56EE5D61E1C0}.Debug|Any CPU.Build.0 = Debug|Any CPU
		{6605753C-DDF3-49C6-99DC-56EE5D61E1C0}.Debug|x64.ActiveCfg = Debug|Any CPU
		{6605753C-DDF3-49C6-99DC-56EE5D61E1C0}.Debug|x64.Build.0 = Debug|Any CPU
		{6605753C-DDF3-49C6-99DC-56EE5D61E1C0}.Debug|x86.ActiveCfg = Debug|Any CPU
		{6605753C-DDF3-49C6-99DC-56EE5D61E1C0}.Debug|x86.Build.0 = Debug|Any CPU
		{6605753C-DDF3-49C6-99DC-56EE5D61E1C0}.Release|Any CPU.ActiveCfg = Release|Any CPU
		{6605753C-DDF3-49C6-99DC-56EE5D61E1C0}.Release|Any CPU.Build.0 = Release|Any CPU
		{6605753C-DDF3-49C6-99DC-56EE5D61E1C0}.Release|x64.ActiveCfg = Release|Any CPU
		{6605753C-DDF3-49C6-99DC-56EE5D61E1C0}.Release|x64.Build.0 = Release|Any CPU
		{6605753C-DDF3-49C6-99DC-56EE5D61E1C0}.Release|x86.ActiveCfg = Release|Any CPU
		{6605753C-DDF3-49C6-99DC-56EE5D61E1C0}.Release|x86.Build.0 = Release|Any CPU
		{34813C6E-990D-495F-84C1-58966C179FA2}.Debug|Any CPU.ActiveCfg = Debug|Any CPU
		{34813C6E-990D-495F-84C1-58966C179FA2}.Debug|Any CPU.Build.0 = Debug|Any CPU
		{34813C6E-990D-495F-84C1-58966C179FA2}.Debug|x64.ActiveCfg = Debug|Any CPU
		{34813C6E-990D-495F-84C1-58966C179FA2}.Debug|x64.Build.0 = Debug|Any CPU
		{34813C6E-990D-495F-84C1-58966C179FA2}.Debug|x86.ActiveCfg = Debug|Any CPU
		{34813C6E-990D-495F-84C1-58966C179FA2}.Debug|x86.Build.0 = Debug|Any CPU
		{34813C6E-990D-495F-84C1-58966C179FA2}.Release|Any CPU.ActiveCfg = Release|Any CPU
		{34813C6E-990D-495F-84C1-58966C179FA2}.Release|Any CPU.Build.0 = Release|Any CPU
		{34813C6E-990D-495F-84C1-58966C179FA2}.Release|x64.ActiveCfg = Release|Any CPU
		{34813C6E-990D-495F-84C1-58966C179FA2}.Release|x64.Build.0 = Release|Any CPU
		{34813C6E-990D-495F-84C1-58966C179FA2}.Release|x86.ActiveCfg = Release|Any CPU
		{34813C6E-990D-495F-84C1-58966C179FA2}.Release|x86.Build.0 = Release|Any CPU
		{273A4355-4794-4A29-9C77-1115A24C2590}.Debug|Any CPU.ActiveCfg = Debug|Any CPU
		{273A4355-4794-4A29-9C77-1115A24C2590}.Debug|Any CPU.Build.0 = Debug|Any CPU
		{273A4355-4794-4A29-9C77-1115A24C2590}.Debug|x64.ActiveCfg = Debug|Any CPU
		{273A4355-4794-4A29-9C77-1115A24C2590}.Debug|x64.Build.0 = Debug|Any CPU
		{273A4355-4794-4A29-9C77-1115A24C2590}.Debug|x86.ActiveCfg = Debug|Any CPU
		{273A4355-4794-4A29-9C77-1115A24C2590}.Debug|x86.Build.0 = Debug|Any CPU
		{273A4355-4794-4A29-9C77-1115A24C2590}.Release|Any CPU.ActiveCfg = Release|Any CPU
		{273A4355-4794-4A29-9C77-1115A24C2590}.Release|Any CPU.Build.0 = Release|Any CPU
		{273A4355-4794-4A29-9C77-1115A24C2590}.Release|x64.ActiveCfg = Release|Any CPU
		{273A4355-4794-4A29-9C77-1115A24C2590}.Release|x64.Build.0 = Release|Any CPU
		{273A4355-4794-4A29-9C77-1115A24C2590}.Release|x86.ActiveCfg = Release|Any CPU
		{273A4355-4794-4A29-9C77-1115A24C2590}.Release|x86.Build.0 = Release|Any CPU
		{3ED217A7-0E88-4F27-B3C6-0674B18BF082}.Debug|Any CPU.ActiveCfg = Debug|Any CPU
		{3ED217A7-0E88-4F27-B3C6-0674B18BF082}.Debug|Any CPU.Build.0 = Debug|Any CPU
		{3ED217A7-0E88-4F27-B3C6-0674B18BF082}.Debug|x64.ActiveCfg = Debug|Any CPU
		{3ED217A7-0E88-4F27-B3C6-0674B18BF082}.Debug|x64.Build.0 = Debug|Any CPU
		{3ED217A7-0E88-4F27-B3C6-0674B18BF082}.Debug|x86.ActiveCfg = Debug|Any CPU
		{3ED217A7-0E88-4F27-B3C6-0674B18BF082}.Debug|x86.Build.0 = Debug|Any CPU
		{3ED217A7-0E88-4F27-B3C6-0674B18BF082}.Release|Any CPU.ActiveCfg = Release|Any CPU
		{3ED217A7-0E88-4F27-B3C6-0674B18BF082}.Release|Any CPU.Build.0 = Release|Any CPU
		{3ED217A7-0E88-4F27-B3C6-0674B18BF082}.Release|x64.ActiveCfg = Release|Any CPU
		{3ED217A7-0E88-4F27-B3C6-0674B18BF082}.Release|x64.Build.0 = Release|Any CPU
		{3ED217A7-0E88-4F27-B3C6-0674B18BF082}.Release|x86.ActiveCfg = Release|Any CPU
		{3ED217A7-0E88-4F27-B3C6-0674B18BF082}.Release|x86.Build.0 = Release|Any CPU
		{B707B805-3B04-4BFC-8E69-FC51731099BA}.Debug|Any CPU.ActiveCfg = Debug|Any CPU
		{B707B805-3B04-4BFC-8E69-FC51731099BA}.Debug|Any CPU.Build.0 = Debug|Any CPU
		{B707B805-3B04-4BFC-8E69-FC51731099BA}.Debug|x64.ActiveCfg = Debug|Any CPU
		{B707B805-3B04-4BFC-8E69-FC51731099BA}.Debug|x64.Build.0 = Debug|Any CPU
		{B707B805-3B04-4BFC-8E69-FC51731099BA}.Debug|x86.ActiveCfg = Debug|Any CPU
		{B707B805-3B04-4BFC-8E69-FC51731099BA}.Debug|x86.Build.0 = Debug|Any CPU
		{B707B805-3B04-4BFC-8E69-FC51731099BA}.Release|Any CPU.ActiveCfg = Release|Any CPU
		{B707B805-3B04-4BFC-8E69-FC51731099BA}.Release|Any CPU.Build.0 = Release|Any CPU
		{B707B805-3B04-4BFC-8E69-FC51731099BA}.Release|x64.ActiveCfg = Release|Any CPU
		{B707B805-3B04-4BFC-8E69-FC51731099BA}.Release|x64.Build.0 = Release|Any CPU
		{B707B805-3B04-4BFC-8E69-FC51731099BA}.Release|x86.ActiveCfg = Release|Any CPU
		{B707B805-3B04-4BFC-8E69-FC51731099BA}.Release|x86.Build.0 = Release|Any CPU
		{4FD92355-434D-4212-A697-D312D0D178A7}.Debug|Any CPU.ActiveCfg = Debug|Any CPU
		{4FD92355-434D-4212-A697-D312D0D178A7}.Debug|Any CPU.Build.0 = Debug|Any CPU
		{4FD92355-434D-4212-A697-D312D0D178A7}.Debug|x64.ActiveCfg = Debug|Any CPU
		{4FD92355-434D-4212-A697-D312D0D178A7}.Debug|x64.Build.0 = Debug|Any CPU
		{4FD92355-434D-4212-A697-D312D0D178A7}.Debug|x86.ActiveCfg = Debug|Any CPU
		{4FD92355-434D-4212-A697-D312D0D178A7}.Debug|x86.Build.0 = Debug|Any CPU
		{4FD92355-434D-4212-A697-D312D0D178A7}.Release|Any CPU.ActiveCfg = Release|Any CPU
		{4FD92355-434D-4212-A697-D312D0D178A7}.Release|Any CPU.Build.0 = Release|Any CPU
		{4FD92355-434D-4212-A697-D312D0D178A7}.Release|x64.ActiveCfg = Release|Any CPU
		{4FD92355-434D-4212-A697-D312D0D178A7}.Release|x64.Build.0 = Release|Any CPU
		{4FD92355-434D-4212-A697-D312D0D178A7}.Release|x86.ActiveCfg = Release|Any CPU
		{4FD92355-434D-4212-A697-D312D0D178A7}.Release|x86.Build.0 = Release|Any CPU
		{2430DF1B-1894-47E8-98FE-2F9D3D84CC15}.Debug|Any CPU.ActiveCfg = Debug|Any CPU
		{2430DF1B-1894-47E8-98FE-2F9D3D84CC15}.Debug|Any CPU.Build.0 = Debug|Any CPU
		{2430DF1B-1894-47E8-98FE-2F9D3D84CC15}.Debug|x64.ActiveCfg = Debug|Any CPU
		{2430DF1B-1894-47E8-98FE-2F9D3D84CC15}.Debug|x64.Build.0 = Debug|Any CPU
		{2430DF1B-1894-47E8-98FE-2F9D3D84CC15}.Debug|x86.ActiveCfg = Debug|Any CPU
		{2430DF1B-1894-47E8-98FE-2F9D3D84CC15}.Debug|x86.Build.0 = Debug|Any CPU
		{2430DF1B-1894-47E8-98FE-2F9D3D84CC15}.Release|Any CPU.ActiveCfg = Release|Any CPU
		{2430DF1B-1894-47E8-98FE-2F9D3D84CC15}.Release|Any CPU.Build.0 = Release|Any CPU
		{2430DF1B-1894-47E8-98FE-2F9D3D84CC15}.Release|x64.ActiveCfg = Release|Any CPU
		{2430DF1B-1894-47E8-98FE-2F9D3D84CC15}.Release|x64.Build.0 = Release|Any CPU
		{2430DF1B-1894-47E8-98FE-2F9D3D84CC15}.Release|x86.ActiveCfg = Release|Any CPU
		{2430DF1B-1894-47E8-98FE-2F9D3D84CC15}.Release|x86.Build.0 = Release|Any CPU
		{2E15A91C-BEA7-4664-B482-3D4EAB9B03E2}.Debug|Any CPU.ActiveCfg = Debug|Any CPU
		{2E15A91C-BEA7-4664-B482-3D4EAB9B03E2}.Debug|Any CPU.Build.0 = Debug|Any CPU
		{2E15A91C-BEA7-4664-B482-3D4EAB9B03E2}.Debug|x64.ActiveCfg = Debug|Any CPU
		{2E15A91C-BEA7-4664-B482-3D4EAB9B03E2}.Debug|x64.Build.0 = Debug|Any CPU
		{2E15A91C-BEA7-4664-B482-3D4EAB9B03E2}.Debug|x86.ActiveCfg = Debug|Any CPU
		{2E15A91C-BEA7-4664-B482-3D4EAB9B03E2}.Debug|x86.Build.0 = Debug|Any CPU
		{2E15A91C-BEA7-4664-B482-3D4EAB9B03E2}.Release|Any CPU.ActiveCfg = Release|Any CPU
		{2E15A91C-BEA7-4664-B482-3D4EAB9B03E2}.Release|Any CPU.Build.0 = Release|Any CPU
		{2E15A91C-BEA7-4664-B482-3D4EAB9B03E2}.Release|x64.ActiveCfg = Release|Any CPU
		{2E15A91C-BEA7-4664-B482-3D4EAB9B03E2}.Release|x64.Build.0 = Release|Any CPU
		{2E15A91C-BEA7-4664-B482-3D4EAB9B03E2}.Release|x86.ActiveCfg = Release|Any CPU
		{2E15A91C-BEA7-4664-B482-3D4EAB9B03E2}.Release|x86.Build.0 = Release|Any CPU
		{C9D7CFC5-CA0B-46AC-9991-DE6E5AB35210}.Debug|Any CPU.ActiveCfg = Debug|Any CPU
		{C9D7CFC5-CA0B-46AC-9991-DE6E5AB35210}.Debug|Any CPU.Build.0 = Debug|Any CPU
		{C9D7CFC5-CA0B-46AC-9991-DE6E5AB35210}.Debug|x64.ActiveCfg = Debug|Any CPU
		{C9D7CFC5-CA0B-46AC-9991-DE6E5AB35210}.Debug|x64.Build.0 = Debug|Any CPU
		{C9D7CFC5-CA0B-46AC-9991-DE6E5AB35210}.Debug|x86.ActiveCfg = Debug|Any CPU
		{C9D7CFC5-CA0B-46AC-9991-DE6E5AB35210}.Debug|x86.Build.0 = Debug|Any CPU
		{C9D7CFC5-CA0B-46AC-9991-DE6E5AB35210}.Release|Any CPU.ActiveCfg = Release|Any CPU
		{C9D7CFC5-CA0B-46AC-9991-DE6E5AB35210}.Release|Any CPU.Build.0 = Release|Any CPU
		{C9D7CFC5-CA0B-46AC-9991-DE6E5AB35210}.Release|x64.ActiveCfg = Release|Any CPU
		{C9D7CFC5-CA0B-46AC-9991-DE6E5AB35210}.Release|x64.Build.0 = Release|Any CPU
		{C9D7CFC5-CA0B-46AC-9991-DE6E5AB35210}.Release|x86.ActiveCfg = Release|Any CPU
		{C9D7CFC5-CA0B-46AC-9991-DE6E5AB35210}.Release|x86.Build.0 = Release|Any CPU
		{61C85B8D-8AE8-486F-A473-5FDDE646C495}.Debug|Any CPU.ActiveCfg = Debug|Any CPU
		{61C85B8D-8AE8-486F-A473-5FDDE646C495}.Debug|Any CPU.Build.0 = Debug|Any CPU
		{61C85B8D-8AE8-486F-A473-5FDDE646C495}.Debug|x64.ActiveCfg = Debug|Any CPU
		{61C85B8D-8AE8-486F-A473-5FDDE646C495}.Debug|x64.Build.0 = Debug|Any CPU
		{61C85B8D-8AE8-486F-A473-5FDDE646C495}.Debug|x86.ActiveCfg = Debug|Any CPU
		{61C85B8D-8AE8-486F-A473-5FDDE646C495}.Debug|x86.Build.0 = Debug|Any CPU
		{61C85B8D-8AE8-486F-A473-5FDDE646C495}.Release|Any CPU.ActiveCfg = Release|Any CPU
		{61C85B8D-8AE8-486F-A473-5FDDE646C495}.Release|Any CPU.Build.0 = Release|Any CPU
		{61C85B8D-8AE8-486F-A473-5FDDE646C495}.Release|x64.ActiveCfg = Release|Any CPU
		{61C85B8D-8AE8-486F-A473-5FDDE646C495}.Release|x64.Build.0 = Release|Any CPU
		{61C85B8D-8AE8-486F-A473-5FDDE646C495}.Release|x86.ActiveCfg = Release|Any CPU
		{61C85B8D-8AE8-486F-A473-5FDDE646C495}.Release|x86.Build.0 = Release|Any CPU
		{0F16FACF-9413-4575-B4D3-EE2869919947}.Debug|Any CPU.ActiveCfg = Debug|Any CPU
		{0F16FACF-9413-4575-B4D3-EE2869919947}.Debug|Any CPU.Build.0 = Debug|Any CPU
		{0F16FACF-9413-4575-B4D3-EE2869919947}.Debug|x64.ActiveCfg = Debug|Any CPU
		{0F16FACF-9413-4575-B4D3-EE2869919947}.Debug|x64.Build.0 = Debug|Any CPU
		{0F16FACF-9413-4575-B4D3-EE2869919947}.Debug|x86.ActiveCfg = Debug|Any CPU
		{0F16FACF-9413-4575-B4D3-EE2869919947}.Debug|x86.Build.0 = Debug|Any CPU
		{0F16FACF-9413-4575-B4D3-EE2869919947}.Release|Any CPU.ActiveCfg = Release|Any CPU
		{0F16FACF-9413-4575-B4D3-EE2869919947}.Release|Any CPU.Build.0 = Release|Any CPU
		{0F16FACF-9413-4575-B4D3-EE2869919947}.Release|x64.ActiveCfg = Release|Any CPU
		{0F16FACF-9413-4575-B4D3-EE2869919947}.Release|x64.Build.0 = Release|Any CPU
		{0F16FACF-9413-4575-B4D3-EE2869919947}.Release|x86.ActiveCfg = Release|Any CPU
		{0F16FACF-9413-4575-B4D3-EE2869919947}.Release|x86.Build.0 = Release|Any CPU
		{4A2CA95C-65B8-4245-AF65-CD057764E3EA}.Debug|Any CPU.ActiveCfg = Debug|Any CPU
		{4A2CA95C-65B8-4245-AF65-CD057764E3EA}.Debug|Any CPU.Build.0 = Debug|Any CPU
		{4A2CA95C-65B8-4245-AF65-CD057764E3EA}.Debug|x64.ActiveCfg = Debug|Any CPU
		{4A2CA95C-65B8-4245-AF65-CD057764E3EA}.Debug|x64.Build.0 = Debug|Any CPU
		{4A2CA95C-65B8-4245-AF65-CD057764E3EA}.Debug|x86.ActiveCfg = Debug|Any CPU
		{4A2CA95C-65B8-4245-AF65-CD057764E3EA}.Debug|x86.Build.0 = Debug|Any CPU
		{4A2CA95C-65B8-4245-AF65-CD057764E3EA}.Release|Any CPU.ActiveCfg = Release|Any CPU
		{4A2CA95C-65B8-4245-AF65-CD057764E3EA}.Release|Any CPU.Build.0 = Release|Any CPU
		{4A2CA95C-65B8-4245-AF65-CD057764E3EA}.Release|x64.ActiveCfg = Release|Any CPU
		{4A2CA95C-65B8-4245-AF65-CD057764E3EA}.Release|x64.Build.0 = Release|Any CPU
		{4A2CA95C-65B8-4245-AF65-CD057764E3EA}.Release|x86.ActiveCfg = Release|Any CPU
		{4A2CA95C-65B8-4245-AF65-CD057764E3EA}.Release|x86.Build.0 = Release|Any CPU
		{FC56560A-0E6B-4E21-B53A-46F7563B1479}.Debug|Any CPU.ActiveCfg = Debug|Any CPU
		{FC56560A-0E6B-4E21-B53A-46F7563B1479}.Debug|Any CPU.Build.0 = Debug|Any CPU
		{FC56560A-0E6B-4E21-B53A-46F7563B1479}.Debug|x64.ActiveCfg = Debug|Any CPU
		{FC56560A-0E6B-4E21-B53A-46F7563B1479}.Debug|x64.Build.0 = Debug|Any CPU
		{FC56560A-0E6B-4E21-B53A-46F7563B1479}.Debug|x86.ActiveCfg = Debug|Any CPU
		{FC56560A-0E6B-4E21-B53A-46F7563B1479}.Debug|x86.Build.0 = Debug|Any CPU
		{FC56560A-0E6B-4E21-B53A-46F7563B1479}.Release|Any CPU.ActiveCfg = Release|Any CPU
		{FC56560A-0E6B-4E21-B53A-46F7563B1479}.Release|Any CPU.Build.0 = Release|Any CPU
		{FC56560A-0E6B-4E21-B53A-46F7563B1479}.Release|x64.ActiveCfg = Release|Any CPU
		{FC56560A-0E6B-4E21-B53A-46F7563B1479}.Release|x64.Build.0 = Release|Any CPU
		{FC56560A-0E6B-4E21-B53A-46F7563B1479}.Release|x86.ActiveCfg = Release|Any CPU
		{FC56560A-0E6B-4E21-B53A-46F7563B1479}.Release|x86.Build.0 = Release|Any CPU
	EndGlobalSection
	GlobalSection(SolutionProperties) = preSolution
		HideSolutionNode = FALSE
	EndGlobalSection
	GlobalSection(NestedProjects) = preSolution
		{EC447DCF-ABFA-6E24-52A5-D7FD48A5C558} = {827E0CD3-B72D-47B6-A68D-7590B98EB39B}
		{DE9DAF8A-E684-0FD3-FFDC-40D3E3158533} = {EC447DCF-ABFA-6E24-52A5-D7FD48A5C558}
		{6F7AA151-B9AC-4C5A-A589-334489B4D138} = {DE9DAF8A-E684-0FD3-FFDC-40D3E3158533}
		{887BD253-ECAB-4532-9A07-185C25CD34AD} = {DE9DAF8A-E684-0FD3-FFDC-40D3E3158533}
		{E2C4DE11-494F-43CE-8061-C6142C64CA9B} = {DE9DAF8A-E684-0FD3-FFDC-40D3E3158533}
		{DEF05D85-86F1-393F-22F4-9251153583D2} = {EC447DCF-ABFA-6E24-52A5-D7FD48A5C558}
		{076273EB-D66A-47BA-9EFF-B2D26F0FB9A9} = {DEF05D85-86F1-393F-22F4-9251153583D2}
		{5B319443-4E14-4C98-83EB-210096C5C64D} = {DEF05D85-86F1-393F-22F4-9251153583D2}
		{D0AD23BD-F86B-4E43-9877-329AEF5D49B4} = {DEF05D85-86F1-393F-22F4-9251153583D2}
		{3DF52DA8-B83D-8D2B-4D21-700587FC75DB} = {EC447DCF-ABFA-6E24-52A5-D7FD48A5C558}
		{6605753C-DDF3-49C6-99DC-56EE5D61E1C0} = {3DF52DA8-B83D-8D2B-4D21-700587FC75DB}
		{34813C6E-990D-495F-84C1-58966C179FA2} = {3DF52DA8-B83D-8D2B-4D21-700587FC75DB}
		{273A4355-4794-4A29-9C77-1115A24C2590} = {3DF52DA8-B83D-8D2B-4D21-700587FC75DB}
		{4C6BDAE4-8D09-3162-71E4-914813D2EA71} = {EC447DCF-ABFA-6E24-52A5-D7FD48A5C558}
		{3ED217A7-0E88-4F27-B3C6-0674B18BF082} = {4C6BDAE4-8D09-3162-71E4-914813D2EA71}
		{B707B805-3B04-4BFC-8E69-FC51731099BA} = {4C6BDAE4-8D09-3162-71E4-914813D2EA71}
		{4FD92355-434D-4212-A697-D312D0D178A7} = {4C6BDAE4-8D09-3162-71E4-914813D2EA71}
		{A26F344D-182E-CE53-AD51-2154946AC6F3} = {EC447DCF-ABFA-6E24-52A5-D7FD48A5C558}
		{2430DF1B-1894-47E8-98FE-2F9D3D84CC15} = {A26F344D-182E-CE53-AD51-2154946AC6F3}
		{2E15A91C-BEA7-4664-B482-3D4EAB9B03E2} = {A26F344D-182E-CE53-AD51-2154946AC6F3}
		{C9D7CFC5-CA0B-46AC-9991-DE6E5AB35210} = {A26F344D-182E-CE53-AD51-2154946AC6F3}
		{61C85B8D-8AE8-486F-A473-5FDDE646C495} = {827E0CD3-B72D-47B6-A68D-7590B98EB39B}
		{0F16FACF-9413-4575-B4D3-EE2869919947} = {827E0CD3-B72D-47B6-A68D-7590B98EB39B}
		{4A2CA95C-65B8-4245-AF65-CD057764E3EA} = {827E0CD3-B72D-47B6-A68D-7590B98EB39B}
		{FC56560A-0E6B-4E21-B53A-46F7563B1479} = {0AB3BF05-4346-4AA6-1389-037BE0695223}
	EndGlobalSection
EndGlobal
